
Microsoft Visual Studio Solution File, Format Version 12.00
# Visual Studio Version 17
VisualStudioVersion = 17.1.32228.430
MinimumVisualStudioVersion = 10.0.40219.1
Project("{9A19103F-16F7-4668-BE54-9A1E7A4F7556}") = "SupermarketApi", "SupermarketApi\SupermarketApi.csproj", "{B098B1CE-08D6-48BF-ADC0-21CEA296C71A}"
EndProject
Global
	GlobalSection(SolutionConfigurationPlatforms) = preSolution
		Debug|Any CPU = Debug|Any CPU
		Release|Any CPU = Release|Any CPU
	EndGlobalSection
	GlobalSection(ProjectConfigurationPlatforms) = postSolution
		{B098B1CE-08D6-48BF-ADC0-21CEA296C71A}.Debug|Any CPU.ActiveCfg = Debug|Any CPU
		{B098B1CE-08D6-48BF-ADC0-21CEA296C71A}.Debug|Any CPU.Build.0 = Debug|Any CPU
		{B098B1CE-08D6-48BF-ADC0-21CEA296C71A}.Release|Any CPU.ActiveCfg = Release|Any CPU
		{B098B1CE-08D6-48BF-ADC0-21CEA296C71A}.Release|Any CPU.Build.0 = Release|Any CPU
	EndGlobalSection
	GlobalSection(SolutionProperties) = preSolution
		HideSolutionNode = FALSE
	EndGlobalSection
	GlobalSection(ExtensibilityGlobals) = postSolution
		SolutionGuid = {0338A289-1250-4F94-8877-62AC34D91A54}
	EndGlobalSection
EndGlobal
